
Microsoft Visual Studio Solution File, Format Version 12.00
# Visual Studio 15
VisualStudioVersion = 15.0.27130.2010
MinimumVisualStudioVersion = 10.0.40219.1
Project("{FAE04EC0-301F-11D3-BF4B-00C04F79EFBC}") = "RestApi", "RestApi\RestApi.csproj", "{D8FBF1ED-956E-4F52-AA57-8EF3BC9F4E38}"
EndProject
Project("{FAE04EC0-301F-11D3-BF4B-00C04F79EFBC}") = "RestApi.Tests", "RestApi.Tests\RestApi.Tests.csproj", "{DDEBC15C-5FD6-4743-95C7-2823CC67791F}"
EndProject
Project("{9A19103F-16F7-4668-BE54-9A1E7A4F7556}") = "RestApi.Model", "RestApi.Model\RestApi.Model.csproj", "{4A4BA078-AC9E-4F89-A3D6-900EF0961551}"
EndProject
Project("{9A19103F-16F7-4668-BE54-9A1E7A4F7556}") = "RestApi.Repository", "RestApi.Repository\RestApi.Repository.csproj", "{5EB5C5A5-DDFC-4EB3-9466-D4F724B00E7B}"
EndProject
Project("{FAE04EC0-301F-11D3-BF4B-00C04F79EFBC}") = "RestApi.Base", "RestApi.Base\RestApi.Base.csproj", "{DFB0D073-68A4-483F-9E7E-22A31F53B383}"
EndProject
Global
	GlobalSection(SolutionConfigurationPlatforms) = preSolution
		Debug|Any CPU = Debug|Any CPU
		Release|Any CPU = Release|Any CPU
	EndGlobalSection
	GlobalSection(ProjectConfigurationPlatforms) = postSolution
		{D8FBF1ED-956E-4F52-AA57-8EF3BC9F4E38}.Debug|Any CPU.ActiveCfg = Debug|Any CPU
		{D8FBF1ED-956E-4F52-AA57-8EF3BC9F4E38}.Debug|Any CPU.Build.0 = Debug|Any CPU
		{D8FBF1ED-956E-4F52-AA57-8EF3BC9F4E38}.Release|Any CPU.ActiveCfg = Release|Any CPU
		{D8FBF1ED-956E-4F52-AA57-8EF3BC9F4E38}.Release|Any CPU.Build.0 = Release|Any CPU
		{DDEBC15C-5FD6-4743-95C7-2823CC67791F}.Debug|Any CPU.ActiveCfg = Debug|Any CPU
		{DDEBC15C-5FD6-4743-95C7-2823CC67791F}.Debug|Any CPU.Build.0 = Debug|Any CPU
		{DDEBC15C-5FD6-4743-95C7-2823CC67791F}.Release|Any CPU.ActiveCfg = Release|Any CPU
		{DDEBC15C-5FD6-4743-95C7-2823CC67791F}.Release|Any CPU.Build.0 = Release|Any CPU
		{4A4BA078-AC9E-4F89-A3D6-900EF0961551}.Debug|Any CPU.ActiveCfg = Debug|Any CPU
		{4A4BA078-AC9E-4F89-A3D6-900EF0961551}.Debug|Any CPU.Build.0 = Debug|Any CPU
		{4A4BA078-AC9E-4F89-A3D6-900EF0961551}.Release|Any CPU.ActiveCfg = Release|Any CPU
		{4A4BA078-AC9E-4F89-A3D6-900EF0961551}.Release|Any CPU.Build.0 = Release|Any CPU
		{5EB5C5A5-DDFC-4EB3-9466-D4F724B00E7B}.Debug|Any CPU.ActiveCfg = Debug|Any CPU
		{5EB5C5A5-DDFC-4EB3-9466-D4F724B00E7B}.Debug|Any CPU.Build.0 = Debug|Any CPU
		{5EB5C5A5-DDFC-4EB3-9466-D4F724B00E7B}.Release|Any CPU.ActiveCfg = Release|Any CPU
		{5EB5C5A5-DDFC-4EB3-9466-D4F724B00E7B}.Release|Any CPU.Build.0 = Release|Any CPU
		{DFB0D073-68A4-483F-9E7E-22A31F53B383}.Debug|Any CPU.ActiveCfg = Debug|Any CPU
		{DFB0D073-68A4-483F-9E7E-22A31F53B383}.Debug|Any CPU.Build.0 = Debug|Any CPU
		{DFB0D073-68A4-483F-9E7E-22A31F53B383}.Release|Any CPU.ActiveCfg = Release|Any CPU
		{DFB0D073-68A4-483F-9E7E-22A31F53B383}.Release|Any CPU.Build.0 = Release|Any CPU
	EndGlobalSection
	GlobalSection(SolutionProperties) = preSolution
		HideSolutionNode = FALSE
	EndGlobalSection
	GlobalSection(ExtensibilityGlobals) = postSolution
		SolutionGuid = {B87DFB50-D024-4DD4-A848-7C52249F039B}
	EndGlobalSection
EndGlobal
